
Microsoft Visual Studio Solution File, Format Version 12.00
# Visual Studio 2013
VisualStudioVersion = 12.0.21005.1
MinimumVisualStudioVersion = 10.0.40219.1
Project("{FAE04EC0-301F-11D3-BF4B-00C04F79EFBC}") = "server_api", "server_api\server_api.csproj", "{CDD8E1FD-5C13-43A1-9E18-812E9D88236D}"
EndProject
Project("{2150E333-8FDC-42A3-9474-1A3956D46DE8}") = ".nuget", ".nuget", "{154B585A-A3E3-4C60-92FF-7C6F604A377D}"
	ProjectSection(SolutionItems) = preProject
		.nuget\packages.config = .nuget\packages.config
	EndProjectSection
EndProject
Global
	GlobalSection(SolutionConfigurationPlatforms) = preSolution
		Debug|Any CPU = Debug|Any CPU
		Release|Any CPU = Release|Any CPU
	EndGlobalSection
	GlobalSection(ProjectConfigurationPlatforms) = postSolution
		{CDD8E1FD-5C13-43A1-9E18-812E9D88236D}.Debug|Any CPU.ActiveCfg = Debug|Any CPU
		{CDD8E1FD-5C13-43A1-9E18-812E9D88236D}.Debug|Any CPU.Build.0 = Debug|Any CPU
		{CDD8E1FD-5C13-43A1-9E18-812E9D88236D}.Release|Any CPU.ActiveCfg = Release|Any CPU
		{CDD8E1FD-5C13-43A1-9E18-812E9D88236D}.Release|Any CPU.Build.0 = Release|Any CPU
	EndGlobalSection
	GlobalSection(SolutionProperties) = preSolution
		HideSolutionNode = FALSE
	EndGlobalSection
EndGlobal
